
Microsoft Visual Studio Solution File, Format Version 12.00
# Visual Studio Version 17
VisualStudioVersion = 17.14.36616.10 d17.14
MinimumVisualStudioVersion = 10.0.40219.1
Project("{FAE04EC0-301F-11D3-BF4B-00C04F79EFBC}") = "SolitaireSprint0", "SolitaireSprint0\SolitaireSprint0.csproj", "{B7222C91-2339-48A4-A063-01874256D8DC}"
EndProject
Project("{FAE04EC0-301F-11D3-BF4B-00C04F79EFBC}") = "SolitaireSprint0.Tests", "SolitaireSprint0.Tests\SolitaireSprint0.Tests.csproj", "{F4290FD7-8833-458F-A8D4-F54F3AA209E4}"
EndProject
Global
	GlobalSection(SolutionConfigurationPlatforms) = preSolution
		Debug|Any CPU = Debug|Any CPU
		Release|Any CPU = Release|Any CPU
	EndGlobalSection
	GlobalSection(ProjectConfigurationPlatforms) = postSolution
		{B7222C91-2339-48A4-A063-01874256D8DC}.Debug|Any CPU.ActiveCfg = Debug|Any CPU
		{B7222C91-2339-48A4-A063-01874256D8DC}.Debug|Any CPU.Build.0 = Debug|Any CPU
		{B7222C91-2339-48A4-A063-01874256D8DC}.Release|Any CPU.ActiveCfg = Release|Any CPU
		{B7222C91-2339-48A4-A063-01874256D8DC}.Release|Any CPU.Build.0 = Release|Any CPU
		{F4290FD7-8833-458F-A8D4-F54F3AA209E4}.Debug|Any CPU.ActiveCfg = Debug|Any CPU
		{F4290FD7-8833-458F-A8D4-F54F3AA209E4}.Debug|Any CPU.Build.0 = Debug|Any CPU
		{F4290FD7-8833-458F-A8D4-F54F3AA209E4}.Release|Any CPU.ActiveCfg = Release|Any CPU
		{F4290FD7-8833-458F-A8D4-F54F3AA209E4}.Release|Any CPU.Build.0 = Release|Any CPU
	EndGlobalSection
	GlobalSection(SolutionProperties) = preSolution
		HideSolutionNode = FALSE
	EndGlobalSection
	GlobalSection(ExtensibilityGlobals) = postSolution
		SolutionGuid = {FDFCD9D4-08D2-427D-AA42-612D19BF31A8}
	EndGlobalSection
EndGlobal
